# This file is automatically @generated by Cargo.
# It is not intended for manual editing.
version = 3

[[package]]
name = "sigillum-cli"
version = "0.0.1"
dependencies = [
 "sigillum-core",
 "sigillum-openspec",
]

[[package]]
name = "sigillum-core"
version = "0.0.1"

[[package]]
name = "sigillum-openspec"
version = "0.0.1"
dependencies = [
 "sigillum-core",
]
